
Microsoft Visual Studio Solution File, Format Version 12.00
# Visual Studio Version 16
VisualStudioVersion = 16.0.31129.286
MinimumVisualStudioVersion = 10.0.40219.1
Project("{FAE04EC0-301F-11D3-BF4B-00C04F79EFBC}") = "2_3", "2_3\2_3.csproj", "{1C445601-C1DF-4174-8813-E4A03932EFDF}"
EndProject
Project("{FAE04EC0-301F-11D3-BF4B-00C04F79EFBC}") = "2_3Tests", "2_3Tests\2_3Tests.csproj", "{4B7EBB50-DC98-47D7-BC23-50FE713CF7A8}"
EndProject
Global
	GlobalSection(SolutionConfigurationPlatforms) = preSolution
		Debug|Any CPU = Debug|Any CPU
		Release|Any CPU = Release|Any CPU
	EndGlobalSection
	GlobalSection(ProjectConfigurationPlatforms) = postSolution
		{1C445601-C1DF-4174-8813-E4A03932EFDF}.Debug|Any CPU.ActiveCfg = Debug|Any CPU
		{1C445601-C1DF-4174-8813-E4A03932EFDF}.Debug|Any CPU.Build.0 = Debug|Any CPU
		{1C445601-C1DF-4174-8813-E4A03932EFDF}.Release|Any CPU.ActiveCfg = Release|Any CPU
		{1C445601-C1DF-4174-8813-E4A03932EFDF}.Release|Any CPU.Build.0 = Release|Any CPU
		{4B7EBB50-DC98-47D7-BC23-50FE713CF7A8}.Debug|Any CPU.ActiveCfg = Debug|Any CPU
		{4B7EBB50-DC98-47D7-BC23-50FE713CF7A8}.Debug|Any CPU.Build.0 = Debug|Any CPU
		{4B7EBB50-DC98-47D7-BC23-50FE713CF7A8}.Release|Any CPU.ActiveCfg = Release|Any CPU
		{4B7EBB50-DC98-47D7-BC23-50FE713CF7A8}.Release|Any CPU.Build.0 = Release|Any CPU
	EndGlobalSection
	GlobalSection(SolutionProperties) = preSolution
		HideSolutionNode = FALSE
	EndGlobalSection
	GlobalSection(ExtensibilityGlobals) = postSolution
		SolutionGuid = {3146B920-2D95-409D-A04E-8F9027100AD0}
	EndGlobalSection
EndGlobal
